// !$*UTF8*$!
{
	archiveVersion = 1;
	classes = {
	};
	objectVersion = 46;
	objects = {

/* Begin PBXBuildFile section */
		8D7F01591CFC9BD5006AC217 /* AppDelegate.swift in Sources */ = {isa = PBXBuildFile; fileRef = 8D7F01581CFC9BD5006AC217 /* AppDelegate.swift */; };
		8D7F015B1CFC9BD5006AC217 /* ViewController.swift in Sources */ = {isa = PBXBuildFile; fileRef = 8D7F015A1CFC9BD5006AC217 /* ViewController.swift */; };
		8D7F015E1CFC9BD5006AC217 /* Main.storyboard in Resources */ = {isa = PBXBuildFile; fileRef = 8D7F015C1CFC9BD5006AC217 /* Main.storyboard */; };
		8D7F01601CFC9BD5006AC217 /* Assets.xcassets in Resources */ = {isa = PBXBuildFile; fileRef = 8D7F015F1CFC9BD5006AC217 /* Assets.xcassets */; };
		8D7F01631CFC9BD5006AC217 /* LaunchScreen.storyboard in Resources */ = {isa = PBXBuildFile; fileRef = 8D7F01611CFC9BD5006AC217 /* LaunchScreen.storyboard */; };
/* End PBXBuildFile section */

/* Begin PBXFileReference section */
		8D7F01551CFC9BD5006AC217 /* MyTableView.app */ = {isa = PBXFileReference; explicitFileType = wrapper.application; includeInIndex = 0; path = MyTableView.app; sourceTree = BUILT_PRODUCTS_DIR; };
		8D7F01581CFC9BD5006AC217 /* AppDelegate.swift */ = {isa = PBXFileReference; lastKnownFileType = sourcecode.swift; path = AppDelegate.swift; sourceTree = "<group>"; };
		8D7F015A1CFC9BD5006AC217 /* ViewController.swift */ = {isa = PBXFileReference; lastKnownFileType = sourcecode.swift; path = ViewController.swift; sourceTree = "<group>"; };
		8D7F015D1CFC9BD5006AC217 /* Base */ = {isa = PBXFileReference; lastKnownFileType = file.storyboard; name = Base; path = Base.lproj/Main.storyboard; sourceTree = "<group>"; };
		8D7F015F1CFC9BD5006AC217 /* Assets.xcassets */ = {isa = PBXFileReference; lastKnownFileType = folder.assetcatalog; path = Assets.xcassets; sourceTree = "<group>"; };
		8D7F01621CFC9BD5006AC217 /* Base */ = {isa = PBXFileReference; lastKnownFileType = file.storyboard; name = Base; path = Base.lproj/LaunchScreen.storyboard; sourceTree = "<group>"; };
		8D7F01641CFC9BD5006AC217 /* Info.plist */ = {isa = PBXFileReference; lastKnownFileType = text.plist.xml; path = Info.plist; sourceTree = "<group>"; };
/* End PBXFileReference section */

/* Begin PBXFrameworksBuildPhase section */
		8D7F01521CFC9BD5006AC217 /* Frameworks */ = {
			isa = PBXFrameworksBuildPhase;
			buildActionMask = 2147483647;
			files = (
			);
			runOnlyForDeploymentPostprocessing = 0;
		};
/* End PBXFrameworksBuildPhase section */

/* Begin PBXGroup section */
		8D7F014C1CFC9BD5006AC217 = {
			isa = PBXGroup;
			children = (
				8D7F01571CFC9BD5006AC217 /* MyTableView */,
				8D7F01561CFC9BD5006AC217 /* Products */,
			);
			sourceTree = "<group>";
		};
		8D7F01561CFC9BD5006AC217 /* Products */ = {
			isa = PBXGroup;
			children = (
				8D7F01551CFC9BD5006AC217 /* MyTableView.app */,
			);
			name = Products;
			sourceTree = "<group>";
		};
		8D7F01571CFC9BD5006AC217 /* MyTableView */ = {
			isa = PBXGroup;
			children = (
				8D7F01581CFC9BD5006AC217 /* AppDelegate.swift */,
				8D7F015A1CFC9BD5006AC217 /* ViewController.swift */,
				8D7F015C1CFC9BD5006AC217 /* Main.storyboard */,
				8D7F015F1CFC9BD5006AC217 /* Assets.xcassets */,
				8D7F01611CFC9BD5006AC217 /* LaunchScreen.storyboard */,
				8D7F01641CFC9BD5006AC217 /* Info.plist */,
			);
			path = MyTableView;
			sourceTree = "<group>";
		};
/* End PBXGroup section */

/* Begin PBXNativeTarget section */
		8D7F01541CFC9BD5006AC217 /* MyTableView */ = {
			isa = PBXNativeTarget;
			buildConfigurationList = 8D7F01671CFC9BD5006AC217 /* Build configuration list for PBXNativeTarget "MyTableView" */;
			buildPhases = (
				8D7F01511CFC9BD5006AC217 /* Sources */,
				8D7F01521CFC9BD5006AC217 /* Frameworks */,
				8D7F01531CFC9BD5006AC217 /* Resources */,
			);
			buildRules = (
			);
			dependencies = (
			);
			name = MyTableView;
			productName = MyTableView;
			productReference = 8D7F01551CFC9BD5006AC217 /* MyTableView.app */;
			productType = "com.apple.product-type.application";
		};
/* End PBXNativeTarget section */

/* Begin PBXProject section */
		8D7F014D1CFC9BD5006AC217 /* Project object */ = {
			isa = PBXProject;
			attributes = {
				LastSwiftUpdateCheck = 0730;
				LastUpgradeCheck = 0730;
				ORGANIZATIONNAME = "kaitou Lee";
				TargetAttributes = {
					8D7F01541CFC9BD5006AC217 = {
						CreatedOnToolsVersion = 7.3.1;
						DevelopmentTeam = Y4Y8T9FJJA;
					};
				};
			};
			buildConfigurationList = 8D7F01501CFC9BD5006AC217 /* Build configuration list for PBXProject "MyTableView" */;
			compatibilityVersion = "Xcode 3.2";
			developmentRegion = English;
			hasScannedForEncodings = 0;
			knownRegions = (
				en,
				Base,
			);
			mainGroup = 8D7F014C1CFC9BD5006AC217;
			productRefGroup = 8D7F01561CFC9BD5006AC217 /* Products */;
			projectDirPath = "";
			projectRoot = "";
			targets = (
				8D7F01541CFC9BD5006AC217 /* MyTableView */,
			);
		};
/* End PBXProject section */

/* Begin PBXResourcesBuildPhase section */
		8D7F01531CFC9BD5006AC217 /* Resources */ = {
			isa = PBXResourcesBuildPhase;
			buildActionMask = 2147483647;
			files = (
				8D7F01631CFC9BD5006AC217 /* LaunchScreen.storyboard in Resources */,
				8D7F01601CFC9BD5006AC217 /* Assets.xcassets in Resources */,
				8D7F015E1CFC9BD5006AC217 /* Main.storyboard in Resources */,
			);
			runOnlyForDeploymentPostprocessing = 0;
		};
/* End PBXResourcesBuildPhase section */

/* Begin PBXSourcesBuildPhase section */
		8D7F01511CFC9BD5006AC217 /* Sources */ = {
			isa = PBXSourcesBuildPhase;
			buildActionMask = 2147483647;
			files = (
				8D7F015B1CFC9BD5006AC217 /* ViewController.swift in Sources */,
				8D7F01591CFC9BD5006AC217 /* AppDelegate.swift in Sources */,
			);
			runOnlyForDeploymentPostprocessing = 0;
		};
/* End PBXSourcesBuildPhase section */

/* Begin PBXVariantGroup section */
		8D7F015C1CFC9BD5006AC217 /* Main.storyboard */ = {
			isa = PBXVariantGroup;
			children = (
				8D7F015D1CFC9BD5006AC217 /* Base */,
			);
			name = Main.storyboard;
			sourceTree = "<group>";
		};
		8D7F01611CFC9BD5006AC217 /* LaunchScreen.storyboard */ = {
			isa = PBXVariantGroup;
			children = (
				8D7F01621CFC9BD5006AC217 /* Base */,
			);
			name = LaunchScreen.storyboard;
			sourceTree = "<group>";
		};
/* End PBXVariantGroup section */

/* Begin XCBuildConfiguration section */
		8D7F01651CFC9BD5006AC217 /* Debug */ = {
			isa = XCBuildConfiguration;
			buildSettings = {
				ALWAYS_SEARCH_USER_PATHS = NO;
				CLANG_ANALYZER_NONNULL = YES;
				CLANG_CXX_LANGUAGE_STANDARD = "gnu++0x";
				CLANG_CXX_LIBRARY = "libc++";
				CLANG_ENABLE_MODULES = YES;
				CLANG_ENABLE_OBJC_ARC = YES;
				CLANG_WARN_BOOL_CONVERSION = YES;
				CLANG_WARN_CONSTANT_CONVERSION = YES;
				CLANG_WARN_DIRECT_OBJC_ISA_USAGE = YES_ERROR;
				CLANG_WARN_EMPTY_BODY = YES;
				CLANG_WARN_ENUM_CONVERSION = YES;
				CLANG_WARN_INT_CONVERSION = YES;
				CLANG_WARN_OBJC_ROOT_CLASS = YES_ERROR;
				CLANG_WARN_UNREACHABLE_CODE = YES;
				CLANG_WARN__DUPLICATE_METHOD_MATCH = YES;
				"CODE_SIGN_IDENTITY[sdk=iphoneos*]" = "iPhone Developer";
				COPY_PHASE_STRIP = NO;
				DEBUG_INFORMATION_FORMAT = dwarf;
				ENABLE_STRICT_OBJC_MSGSEND = YES;
				ENABLE_TESTABILITY = YES;
				GCC_C_LANGUAGE_STANDARD = gnu99;
				GCC_DYNAMIC_NO_PIC = NO;
				GCC_NO_COMMON_BLOCKS = YES;
				GCC_OPTIMIZATION_LEVEL = 0;
				GCC_PREPROCESSOR_DEFINITIONS = (
					"DEBUG=1",
					"$(inherited)",
				);
				GCC_WARN_64_TO_32_BIT_CONVERSION = YES;
				GCC_WARN_ABOUT_RETURN_TYPE = YES_ERROR;
				GCC_WARN_UNDECLARED_SELECTOR = YES;
				GCC_WARN_UNINITIALIZED_AUTOS = YES_AGGRESSIVE;
				GCC_WARN_UNUSED_FUNCTION = YES;
				GCC_WARN_UNUSED_VARIABLE = YES;
				IPHONEOS_DEPLOYMENT_TARGET = 9.3;
				MTL_ENABLE_DEBUG_INFO = YES;
				ONLY_ACTIVE_ARCH = YES;
				SDKROOT = iphoneos;
				SWIFT_OPTIMIZATION_LEVEL = "-Onone";
			};
			name = Debug;
		};
		8D7F01661CFC9BD5006AC217 /* Release */ = {
			isa = XCBuildConfiguration;
			buildSettings = {
				ALWAYS_SEARCH_USER_PATHS = NO;
				CLANG_ANALYZER_NONNULL = YES;
				CLANG_CXX_LANGUAGE_STANDARD = "gnu++0x";
				CLANG_CXX_LIBRARY = "libc++";
				CLANG_ENABLE_MODULES = YES;
				CLANG_ENABLE_OBJC_ARC = YES;
				CLANG_WARN_BOOL_CONVERSION = YES;
				CLANG_WARN_CONSTANT_CONVERSION = YES;
				CLANG_WARN_DIRECT_OBJC_ISA_USAGE = YES_ERROR;
				CLANG_WARN_EMPTY_BODY = YES;
				CLANG_WARN_ENUM_CONVERSION = YES;
				CLANG_WARN_INT_CONVERSION = YES;
				CLANG_WARN_OBJC_ROOT_CLASS = YES_ERROR;
				CLANG_WARN_UNREACHABLE_CODE = YES;
				CLANG_WARN__DUPLICATE_METHOD_MATCH = YES;
				"CODE_SIGN_IDENTITY[sdk=iphoneos*]" = "iPhone Developer";
				COPY_PHASE_STRIP = NO;
				DEBUG_INFORMATION_FORMAT = "dwarf-with-dsym";
				ENABLE_NS_ASSERTIONS = NO;
				ENABLE_STRICT_OBJC_MSGSEND = YES;
				GCC_C_LANGUAGE_STANDARD = gnu99;
				GCC_NO_COMMON_BLOCKS = YES;
				GCC_WARN_64_TO_32_BIT_CONVERSION = YES;
				GCC_WARN_ABOUT_RETURN_TYPE = YES_ERROR;
				GCC_WARN_UNDECLARED_SELECTOR = YES;
				GCC_WARN_UNINITIALIZED_AUTOS = YES_AGGRESSIVE;
				GCC_WARN_UNUSED_FUNCTION = YES;
				GCC_WARN_UNUSED_VARIABLE = YES;
				IPHONEOS_DEPLOYMENT_TARGET = 9.3;
				MTL_ENABLE_DEBUG_INFO = NO;
				SDKROOT = iphoneos;
				VALIDATE_PRODUCT = YES;
			};
			name = Release;
		};
		8D7F01681CFC9BD5006AC217 /* Debug */ = {
			isa = XCBuildConfiguration;
			buildSettings = {
				ASSETCATALOG_COMPILER_APPICON_NAME = AppIcon;
				INFOPLIST_FILE = MyTableView/Info.plist;
				LD_RUNPATH_SEARCH_PATHS = "$(inherited) @executable_path/Frameworks";
				PRODUCT_BUNDLE_IDENTIFIER = com.cto51.MyTableView;
				PRODUCT_NAME = "$(TARGET_NAME)";
			};
			name = Debug;
		};
		8D7F01691CFC9BD5006AC217 /* Release */ = {
			isa = XCBuildConfiguration;
			buildSettings = {
				ASSETCATALOG_COMPILER_APPICON_NAME = AppIcon;
				INFOPLIST_FILE = MyTableView/Info.plist;
				LD_RUNPATH_SEARCH_PATHS = "$(inherited) @executable_path/Frameworks";
				PRODUCT_BUNDLE_IDENTIFIER = com.cto51.MyTableView;
				PRODUCT_NAME = "$(TARGET_NAME)";
			};
			name = Release;
		};
/* End XCBuildConfiguration section */

/* Begin XCConfigurationList section */
		8D7F01501CFC9BD5006AC217 /* Build configuration list for PBXProject "MyTableView" */ = {
			isa = XCConfigurationList;
			buildConfigurations = (
				8D7F01651CFC9BD5006AC217 /* Debug */,
				8D7F01661CFC9BD5006AC217 /* Release */,
			);
			defaultConfigurationIsVisible = 0;
			defaultConfigurationName = Release;
		};
		8D7F01671CFC9BD5006AC217 /* Build configuration list for PBXNativeTarget "MyTableView" */ = {
			isa = XCConfigurationList;
			buildConfigurations = (
				8D7F01681CFC9BD5006AC217 /* Debug */,
				8D7F01691CFC9BD5006AC217 /* Release */,
			);
			defaultConfigurationIsVisible = 0;
		};
/* End XCConfigurationList section */
	};
	rootObject = 8D7F014D1CFC9BD5006AC217 /* Project object */;
}
